
Microsoft Visual Studio Solution File, Format Version 12.00
# Visual Studio Version 17
VisualStudioVersion = 17.0.31903.59
MinimumVisualStudioVersion = 10.0.40219.1
Project("{FAE04EC0-301F-11D3-BF4B-00C04F79EFBC}") = "Hypesoft.Domain", "Hypesoft.Domain\Hypesoft.Domain.csproj", "{8956AC9E-CDA3-4354-AC82-1A11A3D7083B}"
EndProject
Project("{FAE04EC0-301F-11D3-BF4B-00C04F79EFBC}") = "Hypesoft.Infrastructure", "Hypesoft.Infrastructure\Hypesoft.Infrastructure.csproj", "{95F83E10-D802-4494-8896-DC454091891D}"
EndProject
Project("{FAE04EC0-301F-11D3-BF4B-00C04F79EFBC}") = "Hypesoft.API", "Hypesoft.API\Hypesoft.API.csproj", "{D0579838-5BF9-4F22-8934-D1A7D9056D61}"
EndProject
Global
	GlobalSection(SolutionConfigurationPlatforms) = preSolution
		Debug|Any CPU = Debug|Any CPU
		Debug|x64 = Debug|x64
		Debug|x86 = Debug|x86
		Release|Any CPU = Release|Any CPU
		Release|x64 = Release|x64
		Release|x86 = Release|x86
	EndGlobalSection
	GlobalSection(ProjectConfigurationPlatforms) = postSolution
		{8956AC9E-CDA3-4354-AC82-1A11A3D7083B}.Debug|Any CPU.ActiveCfg = Debug|Any CPU
		{8956AC9E-CDA3-4354-AC82-1A11A3D7083B}.Debug|Any CPU.Build.0 = Debug|Any CPU
		{8956AC9E-CDA3-4354-AC82-1A11A3D7083B}.Debug|x64.ActiveCfg = Debug|Any CPU
		{8956AC9E-CDA3-4354-AC82-1A11A3D7083B}.Debug|x64.Build.0 = Debug|Any CPU
		{8956AC9E-CDA3-4354-AC82-1A11A3D7083B}.Debug|x86.ActiveCfg = Debug|Any CPU
		{8956AC9E-CDA3-4354-AC82-1A11A3D7083B}.Debug|x86.Build.0 = Debug|Any CPU
		{8956AC9E-CDA3-4354-AC82-1A11A3D7083B}.Release|Any CPU.ActiveCfg = Release|Any CPU
		{8956AC9E-CDA3-4354-AC82-1A11A3D7083B}.Release|Any CPU.Build.0 = Release|Any CPU
		{8956AC9E-CDA3-4354-AC82-1A11A3D7083B}.Release|x64.ActiveCfg = Release|Any CPU
		{8956AC9E-CDA3-4354-AC82-1A11A3D7083B}.Release|x64.Build.0 = Release|Any CPU
		{8956AC9E-CDA3-4354-AC82-1A11A3D7083B}.Release|x86.ActiveCfg = Release|Any CPU
		{8956AC9E-CDA3-4354-AC82-1A11A3D7083B}.Release|x86.Build.0 = Release|Any CPU
		{95F83E10-D802-4494-8896-DC454091891D}.Debug|Any CPU.ActiveCfg = Debug|Any CPU
		{95F83E10-D802-4494-8896-DC454091891D}.Debug|Any CPU.Build.0 = Debug|Any CPU
		{95F83E10-D802-4494-8896-DC454091891D}.Debug|x64.ActiveCfg = Debug|Any CPU
		{95F83E10-D802-4494-8896-DC454091891D}.Debug|x64.Build.0 = Debug|Any CPU
		{95F83E10-D802-4494-8896-DC454091891D}.Debug|x86.ActiveCfg = Debug|Any CPU
		{95F83E10-D802-4494-8896-DC454091891D}.Debug|x86.Build.0 = Debug|Any CPU
		{95F83E10-D802-4494-8896-DC454091891D}.Release|Any CPU.ActiveCfg = Release|Any CPU
		{95F83E10-D802-4494-8896-DC454091891D}.Release|Any CPU.Build.0 = Release|Any CPU
		{95F83E10-D802-4494-8896-DC454091891D}.Release|x64.ActiveCfg = Release|Any CPU
		{95F83E10-D802-4494-8896-DC454091891D}.Release|x64.Build.0 = Release|Any CPU
		{95F83E10-D802-4494-8896-DC454091891D}.Release|x86.ActiveCfg = Release|Any CPU
		{95F83E10-D802-4494-8896-DC454091891D}.Release|x86.Build.0 = Release|Any CPU
		{D0579838-5BF9-4F22-8934-D1A7D9056D61}.Debug|Any CPU.ActiveCfg = Debug|Any CPU
		{D0579838-5BF9-4F22-8934-D1A7D9056D61}.Debug|Any CPU.Build.0 = Debug|Any CPU
		{D0579838-5BF9-4F22-8934-D1A7D9056D61}.Debug|x64.ActiveCfg = Debug|Any CPU
		{D0579838-5BF9-4F22-8934-D1A7D9056D61}.Debug|x64.Build.0 = Debug|Any CPU
		{D0579838-5BF9-4F22-8934-D1A7D9056D61}.Debug|x86.ActiveCfg = Debug|Any CPU
		{D0579838-5BF9-4F22-8934-D1A7D9056D61}.Debug|x86.Build.0 = Debug|Any CPU
		{D0579838-5BF9-4F22-8934-D1A7D9056D61}.Release|Any CPU.ActiveCfg = Release|Any CPU
		{D0579838-5BF9-4F22-8934-D1A7D9056D61}.Release|Any CPU.Build.0 = Release|Any CPU
		{D0579838-5BF9-4F22-8934-D1A7D9056D61}.Release|x64.ActiveCfg = Release|Any CPU
		{D0579838-5BF9-4F22-8934-D1A7D9056D61}.Release|x64.Build.0 = Release|Any CPU
		{D0579838-5BF9-4F22-8934-D1A7D9056D61}.Release|x86.ActiveCfg = Release|Any CPU
		{D0579838-5BF9-4F22-8934-D1A7D9056D61}.Release|x86.Build.0 = Release|Any CPU
	EndGlobalSection
	GlobalSection(SolutionProperties) = preSolution
		HideSolutionNode = FALSE
	EndGlobalSection
EndGlobal
